
Microsoft Visual Studio Solution File, Format Version 12.00
# Visual Studio Version 17
VisualStudioVersion = 17.0.31903.59
MinimumVisualStudioVersion = 10.0.40219.1
Project("{FAE04EC0-301F-11D3-BF4B-00C04F79EFBC}") = "GravityCmmn", "GravityCmmn\GravityCmmn.csproj", "{EB73DDDD-F057-4749-8B42-CF32101EF35B}"
EndProject
Project("{FAE04EC0-301F-11D3-BF4B-00C04F79EFBC}") = "GravityCmmn.Tests", "GravityCmmn.Tests\GravityCmmn.Tests.csproj", "{73876B14-05C6-4972-BA9C-04A0C3C891BC}"
EndProject
Project("{FAE04EC0-301F-11D3-BF4B-00C04F79EFBC}") = "GravityFs", "GravityFs\GravityFs.csproj", "{43A84551-6126-47C4-ACC3-9583043021D8}"
EndProject
Global
	GlobalSection(SolutionConfigurationPlatforms) = preSolution
		Debug|Any CPU = Debug|Any CPU
		Release|Any CPU = Release|Any CPU
	EndGlobalSection
	GlobalSection(SolutionProperties) = preSolution
		HideSolutionNode = FALSE
	EndGlobalSection
	GlobalSection(ProjectConfigurationPlatforms) = postSolution
		{EB73DDDD-F057-4749-8B42-CF32101EF35B}.Debug|Any CPU.ActiveCfg = Debug|Any CPU
		{EB73DDDD-F057-4749-8B42-CF32101EF35B}.Debug|Any CPU.Build.0 = Debug|Any CPU
		{EB73DDDD-F057-4749-8B42-CF32101EF35B}.Release|Any CPU.ActiveCfg = Release|Any CPU
		{EB73DDDD-F057-4749-8B42-CF32101EF35B}.Release|Any CPU.Build.0 = Release|Any CPU
		{73876B14-05C6-4972-BA9C-04A0C3C891BC}.Debug|Any CPU.ActiveCfg = Debug|Any CPU
		{73876B14-05C6-4972-BA9C-04A0C3C891BC}.Debug|Any CPU.Build.0 = Debug|Any CPU
		{73876B14-05C6-4972-BA9C-04A0C3C891BC}.Release|Any CPU.ActiveCfg = Release|Any CPU
		{73876B14-05C6-4972-BA9C-04A0C3C891BC}.Release|Any CPU.Build.0 = Release|Any CPU
		{43A84551-6126-47C4-ACC3-9583043021D8}.Debug|Any CPU.ActiveCfg = Debug|Any CPU
		{43A84551-6126-47C4-ACC3-9583043021D8}.Debug|Any CPU.Build.0 = Debug|Any CPU
		{43A84551-6126-47C4-ACC3-9583043021D8}.Release|Any CPU.ActiveCfg = Release|Any CPU
		{43A84551-6126-47C4-ACC3-9583043021D8}.Release|Any CPU.Build.0 = Release|Any CPU
	EndGlobalSection
EndGlobal
